version = 1
revision = 1
requires-python = ">=3.8, <4.0"
resolution-markers = [
    "python_full_version >= '3.9'",
    "python_full_version < '3.9'",
]

[[package]]
name = "amqp"
version = "5.1.1"
source = { registry = "https://pypi.org/simple" }
dependencies = [
    { name = "vine" },
]
sdist = { url = "https://files.pythonhosted.org/packages/cb/e7/bcaab89065e17915a28247fa5d4f582ca107b4544e2b1aba92d32f794a0f/amqp-5.1.1.tar.gz", hash = "sha256:2c1b13fecc0893e946c65cbd5f36427861cffa4ea2201d8f6fca22e2a373b5e2", size = 127869 }
wheels = [
    { url = "https://files.pythonhosted.org/packages/de/a3/e7b3b9d34239bae066df135060e225929d639731050c920fdc740d6b7897/amqp-5.1.1-py3-none-any.whl", hash = "sha256:6f0956d2c23d8fa6e7691934d8c3930eadb44972cbbd1a7ae3a520f735d43359", size = 50810 },
]

[[package]]
name = "asgiref"
version = "3.6.0"
source = { registry = "https://pypi.org/simple" }
sdist = { url = "https://files.pythonhosted.org/packages/78/2d/797c0537426266d6c9377a2ed6a4ac61e50c2d5b1ab4da101a4b9bfe26e2/asgiref-3.6.0.tar.gz", hash = "sha256:9567dfe7bd8d3c8c892227827c41cce860b368104c3431da67a0c5a65a949506", size = 32748 }
wheels = [
    { url = "https://files.pythonhosted.org/packages/8f/29/38d10a47b322a77b2d12c2b79c789f52956f733cb701d4d5157c76b5f238/asgiref-3.6.0-py3-none-any.whl", hash = "sha256:71e68008da809b957b7ee4b43dbccff33d1b23519fb8344e33f049897077afac", size = 23105 },
]

[[package]]
name = "billiard"
version = "3.6.4.0"
source = { registry = "https://pypi.org/simple" }
sdist = { url = "https://files.pythonhosted.org/packages/92/91/40de1901da8ec9eeb7c6a22143ba5d55d8aaa790761ca31342cedcd5c793/billiard-3.6.4.0.tar.gz", hash = "sha256:299de5a8da28a783d51b197d496bef4f1595dd023a93a4f59dde1886ae905547", size = 155303 }
wheels = [
    { url = "https://files.pythonhosted.org/packages/2b/89/0c43de91d4e52eaa7bd748771d417f6ac9e51e66b2f61928c2151bf65878/billiard-3.6.4.0-py3-none-any.whl", hash = "sha256:87103ea78fa6ab4d5c751c4909bcff74617d985de7fa8b672cf8618afd5a875b", size = 89472 },
]

[[package]]
name = "celery"
version = "5.2.7"
source = { registry = "https://pypi.org/simple" }
dependencies = [
    { name = "billiard" },
    { name = "click" },
    { name = "click-didyoumean" },
    { name = "click-plugins" },
    { name = "click-repl" },
    { name = "kombu" },
    { name = "pytz" },
    { name = "vine" },
]
sdist = { url = "https://files.pythonhosted.org/packages/ce/21/41a0028f6d610987c0839250357c1a00f351790b8a448c2eb323caa719ac/celery-5.2.7.tar.gz", hash = "sha256:fafbd82934d30f8a004f81e8f7a062e31413a23d444be8ee3326553915958c6d", size = 1474243 }
wheels = [
    { url = "https://files.pythonhosted.org/packages/1d/99/21fe9d1829cab4fc77d18f89d0c4cbcfe754e95f8b8f4af64fe4997c442f/celery-5.2.7-py3-none-any.whl", hash = "sha256:138420c020cd58d6707e6257b6beda91fd39af7afde5d36c6334d175302c0e14", size = 405637 },
]

[[package]]
name = "celery-types"
version = "0.14.0"
source = { registry = "https://pypi.org/simple" }
dependencies = [
    { name = "typing-extensions" },
]
sdist = { url = "https://files.pythonhosted.org/packages/20/4a/3e31cd5c756f860d29c1585a701beff1ce6ed0ccbc3c8cb1ca609319d2d7/celery-types-0.14.0.tar.gz", hash = "sha256:397bd3c7fc38c0718220da75ce33087894e5d340c293792de9cfe39b6f686789", size = 22851 }
wheels = [
    { url = "https://files.pythonhosted.org/packages/ea/ea/90027803029114a216b69bf20781490e416a1786b082135010cee0aef709/celery_types-0.14.0-py3-none-any.whl", hash = "sha256:ba36dddad281b55c1596a4e0f84952b24158900d0e30c5888bb458c60d7f9b18", size = 36601 },
]

[[package]]
name = "click"
version = "8.1.3"
source = { registry = "https://pypi.org/simple" }
dependencies = [
    { name = "colorama", marker = "sys_platform == 'win32'" },
]
sdist = { url = "https://files.pythonhosted.org/packages/59/87/84326af34517fca8c58418d148f2403df25303e02736832403587318e9e8/click-8.1.3.tar.gz", hash = "sha256:7682dc8afb30297001674575ea00d1814d808d6a36af415a82bd481d37ba7b8e", size = 331147 }
wheels = [
    { url = "https://files.pythonhosted.org/packages/c2/f1/df59e28c642d583f7dacffb1e0965d0e00b218e0186d7858ac5233dce840/click-8.1.3-py3-none-any.whl", hash = "sha256:bb4d8133cb15a609f44e8213d9b391b0809795062913b383c62be0ee95b1db48", size = 96588 },
]

[[package]]
name = "click-didyoumean"
version = "0.3.0"
source = { registry = "https://pypi.org/simple" }
dependencies = [
    { name = "click" },
]
sdist = { url = "https://files.pythonhosted.org/packages/2f/a7/822fbc659be70dcb75a91fb91fec718b653326697d0e9907f4f90114b34f/click-didyoumean-0.3.0.tar.gz", hash = "sha256:f184f0d851d96b6d29297354ed981b7dd71df7ff500d82fa6d11f0856bee8035", size = 2405 }
wheels = [
    { url = "https://files.pythonhosted.org/packages/ad/36/4599267417fc78b587b1588e0647a468c60b36c02bb723d450d050738fa8/click_didyoumean-0.3.0-py3-none-any.whl", hash = "sha256:a0713dc7a1de3f06bc0df5a9567ad19ead2d3d5689b434768a6145bff77c0667", size = 2730 },
]

[[package]]
name = "click-plugins"
version = "1.1.1"
source = { registry = "https://pypi.org/simple" }
dependencies = [
    { name = "click" },
]
sdist = { url = "https://files.pythonhosted.org/packages/5f/1d/45434f64ed749540af821fd7e42b8e4d23ac04b1eda7c26613288d6cd8a8/click-plugins-1.1.1.tar.gz", hash = "sha256:46ab999744a9d831159c3411bb0c79346d94a444df9a3a3742e9ed63645f264b", size = 8164 }
wheels = [
    { url = "https://files.pythonhosted.org/packages/e9/da/824b92d9942f4e472702488857914bdd50f73021efea15b4cad9aca8ecef/click_plugins-1.1.1-py2.py3-none-any.whl", hash = "sha256:5d262006d3222f5057fd81e1623d4443e41dcda5dc815c06b442aa3c02889fc8", size = 7497 },
]

[[package]]
name = "click-repl"
version = "0.2.0"
source = { registry = "https://pypi.org/simple" }
dependencies = [
    { name = "click" },
    { name = "prompt-toolkit" },
    { name = "six" },
]
sdist = { url = "https://files.pythonhosted.org/packages/60/30/11d3f09eff5ae3627bca79563855035e8d241444520500a3c7914eae6a74/click-repl-0.2.0.tar.gz", hash = "sha256:cd12f68d745bf6151210790540b4cb064c7b13e571bc64b6957d98d120dacfd8", size = 5743 }
wheels = [
    { url = "https://files.pythonhosted.org/packages/9b/33/15f401400cc0cf2470aa777d225e772f83a68541495e015d2fa5c77d33d0/click_repl-0.2.0-py3-none-any.whl", hash = "sha256:94b3fbbc9406a236f176e0506524b2937e4b23b6f4c0c0b2a0a83f8a64e9194b", size = 5163 },
]

[[package]]
name = "colorama"
version = "0.4.6"
source = { registry = "https://pypi.org/simple" }
sdist = { url = "https://files.pythonhosted.org/packages/d8/53/6f443c9a4a8358a93a6792e2acffb9d9d5cb0a5cfd8802644b7b1c9a02e4/colorama-0.4.6.tar.gz", hash = "sha256:08695f5cb7ed6e0531a20572697297273c47b8cae5a63ffc6d6ed5c201be6e44", size = 27697 }
wheels = [
    { url = "https://files.pythonhosted.org/packages/d1/d6/3965ed04c63042e047cb6a3e6ed1a63a35087b6a609aa3a15ed8ac56c221/colorama-0.4.6-py2.py3-none-any.whl", hash = "sha256:4f1d9991f5acc0ca119f9d443620b77f9d6b33703e51011c16baf57afb285fc6", size = 25335 },
]

[[package]]
name = "coverage"
version = "7.2.5"
source = { registry = "https://pypi.org/simple" }
sdist = { url = "https://files.pythonhosted.org/packages/3d/87/ac5bb366221fe53c55f5ea83b14d476834703cbb395dcc335a92742737c3/coverage-7.2.5.tar.gz", hash = "sha256:f99ef080288f09ffc687423b8d60978cf3a465d3f404a18d1a05474bd8575a47", size = 759465 }
wheels = [
    { url = "https://files.pythonhosted.org/packages/31/65/914b45e732a66c892966e97c0611ee1782b6156627f9478a404b6c7acf5a/coverage-7.2.5-cp310-cp310-macosx_10_9_x86_64.whl", hash = "sha256:883123d0bbe1c136f76b56276074b0c79b5817dd4238097ffa64ac67257f4b6c", size = 200207 },
    { url = "https://files.pythonhosted.org/packages/88/73/d767f0a8d1713be48a83e62824be98036c99de6ae2780f471901fe3a7d33/coverage-7.2.5-cp310-cp310-macosx_11_0_arm64.whl", hash = "sha256:d2fbc2a127e857d2f8898aaabcc34c37771bf78a4d5e17d3e1f5c30cd0cbc62a", size = 200485 },
    { url = "https://files.pythonhosted.org/packages/71/de/0e70397af146b73c2d8c90f0c5529dc442a3aa09aa461f56844cb8605af0/coverage-7.2.5-cp310-cp310-manylinux_2_17_aarch64.manylinux2014_aarch64.whl", hash = "sha256:5f3671662dc4b422b15776cdca89c041a6349b4864a43aa2350b6b0b03bbcc7f", size = 228988 },
    { url = "https://files.pythonhosted.org/packages/57/36/5a1c4a5ae9c2a7ab948853f10e129fb159b834e23cca767cf72c6ef2bbcd/coverage-7.2.5-cp310-cp310-manylinux_2_5_i686.manylinux1_i686.manylinux_2_17_i686.manylinux2014_i686.whl", hash = "sha256:780551e47d62095e088f251f5db428473c26db7829884323e56d9c0c3118791a", size = 227299 },
    { url = "https://files.pythonhosted.org/packages/a8/e0/ea6fe3d440ec24b3f1802b177fa92f69d9df7e3ab11d93bd510258588725/coverage-7.2.5-cp310-cp310-manylinux_2_5_x86_64.manylinux1_x86_64.manylinux_2_17_x86_64.manylinux2014_x86_64.whl", hash = "sha256:066b44897c493e0dcbc9e6a6d9f8bbb6607ef82367cf6810d387c09f0cd4fe9a", size = 228175 },
    { url = "https://files.pythonhosted.org/packages/8a/d0/11395768fa7eca73643f4ea177883fdc28a68a1fb7f9102fa6ee180efc44/coverage-7.2.5-cp310-cp310-musllinux_1_1_aarch64.whl", hash = "sha256:b9a4ee55174b04f6af539218f9f8083140f61a46eabcaa4234f3c2a452c4ed11", size = 234094 },
    { url = "https://files.pythonhosted.org/packages/6a/ec/6b12580715aae877303c79e025a7591cad83fb76b4f18eef99e78784e064/coverage-7.2.5-cp310-cp310-musllinux_1_1_i686.whl", hash = "sha256:706ec567267c96717ab9363904d846ec009a48d5f832140b6ad08aad3791b1f5", size = 232329 },
    { url = "https://files.pythonhosted.org/packages/0b/bc/42b7b5e0a58f9db7f673c4b0709ba3e8d13e1df4b47a1ef1905ab8e4e24a/coverage-7.2.5-cp310-cp310-musllinux_1_1_x86_64.whl", hash = "sha256:ae453f655640157d76209f42c62c64c4d4f2c7f97256d3567e3b439bd5c9b06c", size = 233550 },
    { url = "https://files.pythonhosted.org/packages/a4/45/e7533ed5fe3008f820eee159cfaa4622ac9c5de45f1181c82b6a5b90eb46/coverage-7.2.5-cp310-cp310-win32.whl", hash = "sha256:f81c9b4bd8aa747d417407a7f6f0b1469a43b36a85748145e144ac4e8d303cb5", size = 202641 },
    { url = "https://files.pythonhosted.org/packages/a8/45/7dbfe0658925cc096cd8472f8357367e45f02bea3218121c665fd01d30c4/coverage-7.2.5-cp310-cp310-win_amd64.whl", hash = "sha256:dc945064a8783b86fcce9a0a705abd7db2117d95e340df8a4333f00be5efb64c", size = 203553 },
    { url = "https://files.pythonhosted.org/packages/7f/d3/bb35573b7bebd7aba32b5cfd65a355d6186c607451d9d4fae00a05fd8e1e/coverage-7.2.5-cp311-cp311-macosx_10_9_x86_64.whl", hash = "sha256:40cc0f91c6cde033da493227797be2826cbf8f388eaa36a0271a97a332bfd7ce", size = 200364 },
    { url = "https://files.pythonhosted.org/packages/6d/87/d1b67b09b4d3e461f5364b1e0cd2bc92e77dd2548964c3c2136bb98d4491/coverage-7.2.5-cp311-cp311-macosx_11_0_arm64.whl", hash = "sha256:a66e055254a26c82aead7ff420d9fa8dc2da10c82679ea850d8feebf11074d88", size = 200585 },
    { url = "https://files.pythonhosted.org/packages/9b/a4/ed7f5dc3160fcb3d1f86a8f74c59404aa3d47ad71448a9b9d441df6812c7/coverage-7.2.5-cp311-cp311-manylinux_2_17_aarch64.manylinux2014_aarch64.whl", hash = "sha256:c10fbc8a64aa0f3ed136b0b086b6b577bc64d67d5581acd7cc129af52654384e", size = 232633 },
    { url = "https://files.pythonhosted.org/packages/36/52/5ffdff100e10385c452ad36ea063ac51b192228a5bd5b21529b96b339833/coverage-7.2.5-cp311-cp311-manylinux_2_5_i686.manylinux1_i686.manylinux_2_17_i686.manylinux2014_i686.whl", hash = "sha256:9a22cbb5ede6fade0482111fa7f01115ff04039795d7092ed0db43522431b4f2", size = 230206 },
    { url = "https://files.pythonhosted.org/packages/57/a4/e2002682aea70aa50c07e1bd868fe2d59540d51d90b6f6cbe69558efe5f0/coverage-7.2.5-cp311-cp311-manylinux_2_5_x86_64.manylinux1_x86_64.manylinux_2_17_x86_64.manylinux2014_x86_64.whl", hash = "sha256:292300f76440651529b8ceec283a9370532f4ecba9ad67d120617021bb5ef139", size = 232013 },
    { url = "https://files.pythonhosted.org/packages/d0/01/4a26714b925a9ff8fd54ffebe45471111eef2f1529790a745824f8958864/coverage-7.2.5-cp311-cp311-musllinux_1_1_aarch64.whl", hash = "sha256:7ff8f3fb38233035028dbc93715551d81eadc110199e14bbbfa01c5c4a43f8d8", size = 240969 },
    { url = "https://files.pythonhosted.org/packages/e6/2f/28a781aecd2d95ecf890cf1a078e021003aea94f307d96db6ec20e90c85e/coverage-7.2.5-cp311-cp311-musllinux_1_1_i686.whl", hash = "sha256:a08c7401d0b24e8c2982f4e307124b671c6736d40d1c39e09d7a8687bddf83ed", size = 239379 },
    { url = "https://files.pythonhosted.org/packages/62/fc/4f9be6c0d7fe460990d05ffd2316683bfcd8a94758dde26d2da84487a8af/coverage-7.2.5-cp311-cp311-musllinux_1_1_x86_64.whl", hash = "sha256:ef9659d1cda9ce9ac9585c045aaa1e59223b143f2407db0eaee0b61a4f266fb6", size = 240433 },
    { url = "https://files.pythonhosted.org/packages/00/ee/67f851378e163e5323671c21d42bf6d059a16c058fbf10338cdf2170c90b/coverage-7.2.5-cp311-cp311-win32.whl", hash = "sha256:30dcaf05adfa69c2a7b9f7dfd9f60bc8e36b282d7ed25c308ef9e114de7fc23b", size = 202626 },
    { url = "https://files.pythonhosted.org/packages/8a/97/f6173b9937ebab116a5a899aa79c1009141eb894911b65a83cd8cd5c0d1f/coverage-7.2.5-cp311-cp311-win_amd64.whl", hash = "sha256:97072cc90f1009386c8a5b7de9d4fc1a9f91ba5ef2146c55c1f005e7b5c5e068", size = 203644 },
    { url = "https://files.pythonhosted.org/packages/d6/54/5ef3171884fff597781f21f683ddb9dd2c35f05af2947aaec0b6d183dbce/coverage-7.2.5-cp38-cp38-macosx_10_9_x86_64.whl", hash = "sha256:b5016e331b75310610c2cf955d9f58a9749943ed5f7b8cfc0bb89c6134ab0a84", size = 200150 },
    { url = "https://files.pythonhosted.org/packages/0b/f2/a54848d2582917d9a132e0adaa74f0e067191079fa66149c8a431bdfb184/coverage-7.2.5-cp38-cp38-macosx_11_0_arm64.whl", hash = "sha256:373ea34dca98f2fdb3e5cb33d83b6d801007a8074f992b80311fc589d3e6b790", size = 200450 },
    { url = "https://files.pythonhosted.org/packages/55/67/abfcaf4034db803b31f1d012d0e2f532d87a2d10954cb8ede1eb23079496/coverage-7.2.5-cp38-cp38-manylinux_2_17_aarch64.manylinux2014_aarch64.whl", hash = "sha256:a063aad9f7b4c9f9da7b2550eae0a582ffc7623dca1c925e50c3fbde7a579771", size = 230101 },
    { url = "https://files.pythonhosted.org/packages/3c/0a/2ea958a9e8571df2f030f9e3d47add9a9372f06cb2bb01e1e0285383ed53/coverage-7.2.5-cp38-cp38-manylinux_2_5_i686.manylinux1_i686.manylinux_2_17_i686.manylinux2014_i686.whl", hash = "sha256:38c0a497a000d50491055805313ed83ddba069353d102ece8aef5d11b5faf045", size = 227960 },
    { url = "https://files.pythonhosted.org/packages/34/ef/dfbcd7e5687559cbd04933985707cdeb811c3815336a8bd0ae1077d9f11c/coverage-7.2.5-cp38-cp38-manylinux_2_5_x86_64.manylinux1_x86_64.manylinux_2_17_x86_64.manylinux2014_x86_64.whl", hash = "sha256:a2b3b05e22a77bb0ae1a3125126a4e08535961c946b62f30985535ed40e26614", size = 229306 },
    { url = "https://files.pythonhosted.org/packages/30/c6/7f263714255cda41443a6f741654499e2f2ef9925b57aa4e159a81785edc/coverage-7.2.5-cp38-cp38-musllinux_1_1_aarch64.whl", hash = "sha256:0342a28617e63ad15d96dca0f7ae9479a37b7d8a295f749c14f3436ea59fdcb3", size = 235032 },
    { url = "https://files.pythonhosted.org/packages/bf/e9/5e5f5555812d4afd41fd20af3df85183304213904383b7361088ca2a20a1/coverage-7.2.5-cp38-cp38-musllinux_1_1_i686.whl", hash = "sha256:cf97ed82ca986e5c637ea286ba2793c85325b30f869bf64d3009ccc1a31ae3fd", size = 233531 },
    { url = "https://files.pythonhosted.org/packages/24/d9/a9b24d946804a27b2a9693593a83732c2823db5d6c0f209a2fa0eba85e41/coverage-7.2.5-cp38-cp38-musllinux_1_1_x86_64.whl", hash = "sha256:c2c41c1b1866b670573657d584de413df701f482574bad7e28214a2362cb1fd1", size = 234445 },
    { url = "https://files.pythonhosted.org/packages/73/8f/f77ac8cad6cb3a43da0056306f92dfc27b737c2294b773df8cf010db3f1a/coverage-7.2.5-cp38-cp38-win32.whl", hash = "sha256:10b15394c13544fce02382360cab54e51a9e0fd1bd61ae9ce012c0d1e103c813", size = 202617 },
    { url = "https://files.pythonhosted.org/packages/a0/f7/cfa587948bfd61c6a50ea0c208a98ae92b2368ccbef39621bae02cc49e91/coverage-7.2.5-cp38-cp38-win_amd64.whl", hash = "sha256:a0b273fe6dc655b110e8dc89b8ec7f1a778d78c9fd9b4bda7c384c8906072212", size = 203540 },
    { url = "https://files.pythonhosted.org/packages/07/59/6f310c6b5e71a3dd374af186eb9b1380f0f34b684e805812ca1e93874748/coverage-7.2.5-cp39-cp39-macosx_10_9_x86_64.whl", hash = "sha256:5c587f52c81211d4530fa6857884d37f514bcf9453bdeee0ff93eaaf906a5c1b", size = 200176 },
    { url = "https://files.pythonhosted.org/packages/af/3c/8c6745ff0c58707a70607ccc63f27b3437494fa98715181a40c44388d789/coverage-7.2.5-cp39-cp39-macosx_11_0_arm64.whl", hash = "sha256:4436cc9ba5414c2c998eaedee5343f49c02ca93b21769c5fdfa4f9d799e84200", size = 200481 },
    { url = "https://files.pythonhosted.org/packages/67/b5/6b5751966ffc4da52b0b68aa60de105ff0666f6e99a58e2beea614df399c/coverage-7.2.5-cp39-cp39-manylinux_2_17_aarch64.manylinux2014_aarch64.whl", hash = "sha256:6599bf92f33ab041e36e06d25890afbdf12078aacfe1f1d08c713906e49a3fe5", size = 228553 },
    { url = "https://files.pythonhosted.org/packages/0b/93/c992d89b11661ab4121c7837a5c6cf3e2eabbbbae668132b5d6b8ad95c41/coverage-7.2.5-cp39-cp39-manylinux_2_5_i686.manylinux1_i686.manylinux_2_17_i686.manylinux2014_i686.whl", hash = "sha256:857abe2fa6a4973f8663e039ead8d22215d31db613ace76e4a98f52ec919068e", size = 226893 },
    { url = "https://files.pythonhosted.org/packages/2c/22/82903d8d343bf6e174e566a4cf3f767315db4dd52a17d7f0255bff7e56c7/coverage-7.2.5-cp39-cp39-manylinux_2_5_x86_64.manylinux1_x86_64.manylinux_2_17_x86_64.manylinux2014_x86_64.whl", hash = "sha256:f6f5cab2d7f0c12f8187a376cc6582c477d2df91d63f75341307fcdcb5d60303", size = 227720 },
    { url = "https://files.pythonhosted.org/packages/c1/af/d56666ff64d15d753bbe6c4db8bba76c244be0b5a51061f2ede35d72dc62/coverage-7.2.5-cp39-cp39-musllinux_1_1_aarch64.whl", hash = "sha256:aa387bd7489f3e1787ff82068b295bcaafbf6f79c3dad3cbc82ef88ce3f48ad3", size = 233667 },
    { url = "https://files.pythonhosted.org/packages/81/72/340c4bc7fc32d1148c483c07561850b95113277cdf3e7d44183ebfd372e8/coverage-7.2.5-cp39-cp39-musllinux_1_1_i686.whl", hash = "sha256:156192e5fd3dbbcb11cd777cc469cf010a294f4c736a2b2c891c77618cb1379a", size = 231917 },
    { url = "https://files.pythonhosted.org/packages/a7/1c/b67259cb5dfe9a94eb65d542d8190cffc609f2d387038228b4f31a3e486b/coverage-7.2.5-cp39-cp39-musllinux_1_1_x86_64.whl", hash = "sha256:bd3b4b8175c1db502adf209d06136c000df4d245105c8839e9d0be71c94aefe1", size = 233128 },
    { url = "https://files.pythonhosted.org/packages/28/ae/2d01daabe5dd2652be564f8c49d51b553b1f05a263a1c58e74accb400030/coverage-7.2.5-cp39-cp39-win32.whl", hash = "sha256:ddc5a54edb653e9e215f75de377354e2455376f416c4378e1d43b08ec50acc31", size = 202656 },
    { url = "https://files.pythonhosted.org/packages/01/97/eb8cdc5a82947efd330c13fd17f7985c20135d7fe7263652cc37481298a7/coverage-7.2.5-cp39-cp39-win_amd64.whl", hash = "sha256:338aa9d9883aaaad53695cb14ccdeb36d4060485bb9388446330bef9c361c252", size = 203570 },
    { url = "https://files.pythonhosted.org/packages/ed/c7/28ed5ec209f79197b0f9a0b74d1b0d34b513f744eda2e828376cfb13a49f/coverage-7.2.5-pp37.pp38.pp39-none-any.whl", hash = "sha256:8877d9b437b35a85c18e3c6499b23674684bf690f5d96c1006a1ef61f9fdf0f3", size = 192668 },
]

[package.optional-dependencies]
toml = [
    { name = "tomli", marker = "python_full_version <= '3.11'" },
]

[[package]]
name = "dj-triggers"
version = "1.0.1"
source = { editable = "." }
dependencies = [
    { name = "celery" },
    { name = "django" },
    { name = "django-more-admin-filters" },
    { name = "django-polymorphic" },
]

[package.dev-dependencies]
dev = [
    { name = "celery-types" },
    { name = "django-stubs" },
    { name = "model-bakery" },
    { name = "mypy" },
    { name = "pytest" },
    { name = "pytest-cov" },
    { name = "pytest-django" },
    { name = "ruff" },
    { name = "setuptools", version = "75.3.2", source = { registry = "https://pypi.org/simple" }, marker = "python_full_version < '3.9'" },
    { name = "setuptools", version = "80.7.1", source = { registry = "https://pypi.org/simple" }, marker = "python_full_version >= '3.9'" },
]

[package.metadata]
requires-dist = [
    { name = "celery", specifier = ">=4.4" },
    { name = "django", specifier = ">=3" },
    { name = "django-more-admin-filters", specifier = "~=1.7" },
    { name = "django-polymorphic", specifier = ">=3,<4" },
]

[package.metadata.requires-dev]
dev = [
    { name = "celery-types", specifier = ">=0.14.0,<0.15" },
    { name = "django-stubs" },
    { name = "model-bakery", specifier = ">=1.7.0,<2" },
    { name = "mypy", specifier = "~=1.0" },
    { name = "pytest", specifier = ">=7.1.3,<8" },
    { name = "pytest-cov", specifier = ">=4.0.0,<5" },
    { name = "pytest-django", specifier = ">=4.5.2,<5" },
    { name = "ruff", specifier = ">=0.11.10" },
    { name = "setuptools", specifier = ">=68.0.0" },
]

[[package]]
name = "django"
version = "3.2.25"
source = { registry = "https://pypi.org/simple" }
dependencies = [
    { name = "asgiref" },
    { name = "pytz" },
    { name = "sqlparse" },
]
sdist = { url = "https://files.pythonhosted.org/packages/ec/68/0e744f07b57bfdf99abbb6b3eb14fcba188867021c05f4a104e04f6d56b8/Django-3.2.25.tar.gz", hash = "sha256:7ca38a78654aee72378594d63e51636c04b8e28574f5505dff630895b5472777", size = 9836336 }
wheels = [
    { url = "https://files.pythonhosted.org/packages/30/8e/cc23c762c5dcd1d367d73cf006a326e0df2bd0e785cba18b658b39904c1e/Django-3.2.25-py3-none-any.whl", hash = "sha256:a52ea7fcf280b16f7b739cec38fa6d3f8953a5456986944c3ca97e79882b4e38", size = 7890550 },
]

[[package]]
name = "django-more-admin-filters"
version = "1.7"
source = { registry = "https://pypi.org/simple" }
dependencies = [
    { name = "django" },
]
sdist = { url = "https://files.pythonhosted.org/packages/ab/87/17e059f726a17d0a1562cea90f1203f4b06a2b4660f482dc58d160f9d2e1/django-more-admin-filters-1.7.tar.gz", hash = "sha256:67fad47ea63d8ac1f0f1c3a25850004197656cb573b2d1584077d6765b9354ef", size = 14508 }
wheels = [
    { url = "https://files.pythonhosted.org/packages/33/b7/ed19c072a142db7662217a7a97b9a27c60443c75d759025d93261d143939/django_more_admin_filters-1.7-py3-none-any.whl", hash = "sha256:b2162a084d7233c4d892cf6a0d0ae8a0b9bc0213815fbb8840df8e0b970c8c07", size = 35629 },
]

[[package]]
name = "django-polymorphic"
version = "3.1.0"
source = { registry = "https://pypi.org/simple" }
dependencies = [
    { name = "django" },
]
sdist = { url = "https://files.pythonhosted.org/packages/4e/06/f43d3d7e690a6bd90c0e300d824f5aad0e9840cfd8d5bb164fd06ef6bcfc/django-polymorphic-3.1.0.tar.gz", hash = "sha256:d6955b5308bf6e41dcb22ba7c96f00b51dfa497a8a5ab1e9c06c7951bf417bf8", size = 50106 }
wheels = [
    { url = "https://files.pythonhosted.org/packages/86/f7/e87f43be83760793fc3baeed499839b1580fda863dd30441c1661ff2fd96/django_polymorphic-3.1.0-py3-none-any.whl", hash = "sha256:08bc4f4f4a773a19b2deced5a56deddd1ef56ebd15207bf4052e2901c25ef57e", size = 63415 },
]

[[package]]
name = "django-stubs"
version = "4.2.0"
source = { registry = "https://pypi.org/simple" }
dependencies = [
    { name = "django" },
    { name = "django-stubs-ext" },
    { name = "mypy" },
    { name = "tomli", marker = "python_full_version < '3.11'" },
    { name = "types-pytz" },
    { name = "types-pyyaml" },
    { name = "typing-extensions" },
]
sdist = { url = "https://files.pythonhosted.org/packages/27/cc/4dc1570489df636b0ecf3755ee28f5f8d21261ed506a973fb04229882289/django-stubs-4.2.0.tar.gz", hash = "sha256:93baff824f0a056e71036b423b942a74f07b909e45e3fa38185b910f597c5c08", size = 238274 }
wheels = [
    { url = "https://files.pythonhosted.org/packages/eb/c5/928b6793b3048970a0aa08991defa478b513f69798e3162f0c7ad3d61dba/django_stubs-4.2.0-py3-none-any.whl", hash = "sha256:d2c671989efb3f7b0fa91e461909ad5a5a52155fe7fe6d1f2058cb88e3afb123", size = 434267 },
]

[[package]]
name = "django-stubs-ext"
version = "4.2.0"
source = { registry = "https://pypi.org/simple" }
dependencies = [
    { name = "django" },
    { name = "typing-extensions" },
]
sdist = { url = "https://files.pythonhosted.org/packages/3c/8c/9ae9b388558f88d813da4b5e1058e8cb441cd1df27116e1d207e6b992955/django-stubs-ext-4.2.0.tar.gz", hash = "sha256:7789f0caeca7152fef07ad6b94dec7310a05d0b8dab77f7979e19db0037b5127", size = 6050 }
wheels = [
    { url = "https://files.pythonhosted.org/packages/5e/29/ae520fb1364529b7f951046a3a372a7d49cd6528b123eb2ee96517c3ea94/django_stubs_ext-4.2.0-py3-none-any.whl", hash = "sha256:55b2e3077f883e0131a7596f8ff8b19f8fc3ca325a3318ccacf5331acb2601e4", size = 6673 },
]

[[package]]
name = "exceptiongroup"
version = "1.1.1"
source = { registry = "https://pypi.org/simple" }
sdist = { url = "https://files.pythonhosted.org/packages/cc/38/57f14ddc8e8baeddd8993a36fe57ce7b4ba174c35048b9a6d270bb01e833/exceptiongroup-1.1.1.tar.gz", hash = "sha256:d484c3090ba2889ae2928419117447a14daf3c1231d5e30d0aae34f354f01785", size = 14828 }
wheels = [
    { url = "https://files.pythonhosted.org/packages/61/97/17ed81b7a8d24d8f69b62c0db37abbd8c0042d4b3fc429c73dab986e7483/exceptiongroup-1.1.1-py3-none-any.whl", hash = "sha256:232c37c63e4f682982c8b6459f33a8981039e5fb8756b2074364e5055c498c9e", size = 14430 },
]

[[package]]
name = "iniconfig"
version = "2.0.0"
source = { registry = "https://pypi.org/simple" }
sdist = { url = "https://files.pythonhosted.org/packages/d7/4b/cbd8e699e64a6f16ca3a8220661b5f83792b3017d0f79807cb8708d33913/iniconfig-2.0.0.tar.gz", hash = "sha256:2d91e135bf72d31a410b17c16da610a82cb55f6b0477d1a902134b24a455b8b3", size = 4646 }
wheels = [
    { url = "https://files.pythonhosted.org/packages/ef/a6/62565a6e1cf69e10f5727360368e451d4b7f58beeac6173dc9db836a5b46/iniconfig-2.0.0-py3-none-any.whl", hash = "sha256:b6a85871a79d2e3b22d2d1b94ac2824226a63c6b741c88f7ae975f18b6778374", size = 5892 },
]

[[package]]
name = "kombu"
version = "5.2.4"
source = { registry = "https://pypi.org/simple" }
dependencies = [
    { name = "amqp" },
    { name = "vine" },
]
sdist = { url = "https://files.pythonhosted.org/packages/e1/9e/3811be7d86ac3be6d1a1f5098f95b1d8e2519c12c537719c7e13c8a12800/kombu-5.2.4.tar.gz", hash = "sha256:37cee3ee725f94ea8bb173eaab7c1760203ea53bbebae226328600f9d2799610", size = 423450 }
wheels = [
    { url = "https://files.pythonhosted.org/packages/d9/f3/62d12dd7ebad710319f0877c1c33bca379fc7d28069daae890fa2fa444c8/kombu-5.2.4-py3-none-any.whl", hash = "sha256:8b213b24293d3417bcf0d2f5537b7f756079e3ea232a8386dcc89a59fd2361a4", size = 189209 },
]

[[package]]
name = "model-bakery"
version = "1.11.0"
source = { registry = "https://pypi.org/simple" }
dependencies = [
    { name = "django" },
]
sdist = { url = "https://files.pythonhosted.org/packages/ce/02/157f76cc8507bfc725e6b1878aa0da73aec8a77c80e22fc9989e5499c379/model_bakery-1.11.0.tar.gz", hash = "sha256:d516d93315f66fc7f2cef0a85e1ca9e1ebb656cca5e383f17127f023b4bbdb8c", size = 19578 }
wheels = [
    { url = "https://files.pythonhosted.org/packages/82/6c/0987812a8a180e76eafbbf5d12668ca74aba6454bac4964c060c1c965f5d/model_bakery-1.11.0-py3-none-any.whl", hash = "sha256:d38a72502979be20c9c5c2b1682faefde9da4eae935c028cc35832d484ea1039", size = 22606 },
]

[[package]]
name = "mypy"
version = "1.3.0"
source = { registry = "https://pypi.org/simple" }
dependencies = [
    { name = "mypy-extensions" },
    { name = "tomli", marker = "python_full_version < '3.11'" },
    { name = "typing-extensions" },
]
sdist = { url = "https://files.pythonhosted.org/packages/f9/88/3bfe07521fb9e74b449cbc4367434067ec70bfd8a24c652fa3e0f9597389/mypy-1.3.0.tar.gz", hash = "sha256:e1f4d16e296f5135624b34e8fb741eb0eadedca90862405b1f1fde2040b9bd11", size = 2812673 }
wheels = [
    { url = "https://files.pythonhosted.org/packages/2b/27/4a26f91301804969194ee0dc9393843f10566d7fdf192ce11fc0218a989d/mypy-1.3.0-cp310-cp310-macosx_10_9_x86_64.whl", hash = "sha256:c1eb485cea53f4f5284e5baf92902cd0088b24984f4209e25981cc359d64448d", size = 10689820 },
    { url = "https://files.pythonhosted.org/packages/11/41/d24f93eefc89c650782bf1f9acfdb02a32f327b841058a5b0ce5857b60af/mypy-1.3.0-cp310-cp310-macosx_11_0_arm64.whl", hash = "sha256:4c99c3ecf223cf2952638da9cd82793d8f3c0c5fa8b6ae2b2d9ed1e1ff51ba85", size = 9762046 },
    { url = "https://files.pythonhosted.org/packages/8d/c8/681f4a19c62aa71bdc9ad3a4bc9a0fb8846bd0b5a8bc1b29d261c8025f80/mypy-1.3.0-cp310-cp310-manylinux_2_17_x86_64.manylinux2014_x86_64.whl", hash = "sha256:550a8b3a19bb6589679a7c3c31f64312e7ff482a816c96e0cecec9ad3a7564dd", size = 12209997 },
    { url = "https://files.pythonhosted.org/packages/55/e1/90487a3ea5a88b8f5c9d7fbf6f5fa7fcc8633d0132ce8364810a1da901c9/mypy-1.3.0-cp310-cp310-musllinux_1_1_x86_64.whl", hash = "sha256:cbc07246253b9e3d7d74c9ff948cd0fd7a71afcc2b77c7f0a59c26e9395cb152", size = 12281161 },
    { url = "https://files.pythonhosted.org/packages/7e/75/021af7f0683ea19b9ad6a436e1b5c7cb39899c0f7b31040fa69b2395421e/mypy-1.3.0-cp310-cp310-win_amd64.whl", hash = "sha256:a22435632710a4fcf8acf86cbd0d69f68ac389a3892cb23fbad176d1cddaf228", size = 8944742 },
    { url = "https://files.pythonhosted.org/packages/25/c7/4735f81858a727e170279144600881fe3299aa7589ed585af6b788ea4556/mypy-1.3.0-cp311-cp311-macosx_10_9_x86_64.whl", hash = "sha256:6e33bb8b2613614a33dff70565f4c803f889ebd2f859466e42b46e1df76018dd", size = 10577933 },
    { url = "https://files.pythonhosted.org/packages/6a/d0/4681d84878cecfd911752016ab30566366f6de7296fdc977b746eb68bf45/mypy-1.3.0-cp311-cp311-macosx_11_0_arm64.whl", hash = "sha256:7d23370d2a6b7a71dc65d1266f9a34e4cde9e8e21511322415db4b26f46f6b8c", size = 9666188 },
    { url = "https://files.pythonhosted.org/packages/88/0e/646696eb8fe7658b752009a495054a0214ae8e659e9cbcde8181f16ae999/mypy-1.3.0-cp311-cp311-manylinux_2_17_x86_64.manylinux2014_x86_64.whl", hash = "sha256:658fe7b674769a0770d4b26cb4d6f005e88a442fe82446f020be8e5f5efb2fae", size = 12088787 },
    { url = "https://files.pythonhosted.org/packages/6a/d9/48de5203f4b6287a98fadcc47072b1bc69e3faaa39cba59a3a600b05a42c/mypy-1.3.0-cp311-cp311-musllinux_1_1_x86_64.whl", hash = "sha256:6e42d29e324cdda61daaec2336c42512e59c7c375340bd202efa1fe0f7b8f8ca", size = 12171405 },
    { url = "https://files.pythonhosted.org/packages/cd/b9/6abe1cd8ac8e70f12f43eebe6427814f9d36142d331eae5cc5bba77585a2/mypy-1.3.0-cp311-cp311-win_amd64.whl", hash = "sha256:d0b6c62206e04061e27009481cb0ec966f7d6172b5b936f3ead3d74f29fe3dcf", size = 8941141 },
    { url = "https://files.pythonhosted.org/packages/b1/ce/8d87f684bb7e2a520cfa9cd17b8dc686a83143bb12a3e1ac4ad6d8d4825c/mypy-1.3.0-cp38-cp38-macosx_10_9_x86_64.whl", hash = "sha256:c5d2cc54175bab47011b09688b418db71403aefad07cbcd62d44010543fc143f", size = 10634274 },
    { url = "https://files.pythonhosted.org/packages/c9/c5/f3e4ed59e08e3a728a15da198317edfcd13b7dc2215d52b5d85fce716285/mypy-1.3.0-cp38-cp38-macosx_11_0_arm64.whl", hash = "sha256:87df44954c31d86df96c8bd6e80dfcd773473e877ac6176a8e29898bfb3501cb", size = 9716882 },
    { url = "https://files.pythonhosted.org/packages/d8/c6/de2e214a42b63d7ea0abef9f02a6da69cad6d532165bb7a8cc8291099a0c/mypy-1.3.0-cp38-cp38-manylinux_2_17_x86_64.manylinux2014_x86_64.whl", hash = "sha256:473117e310febe632ddf10e745a355714e771ffe534f06db40702775056614c4", size = 12163862 },
    { url = "https://files.pythonhosted.org/packages/3c/5d/b87339c1fdfec7d13899cd7ad2ee992801695114c1cf9e1645da264cd437/mypy-1.3.0-cp38-cp38-musllinux_1_1_x86_64.whl", hash = "sha256:74bc9b6e0e79808bf8678d7678b2ae3736ea72d56eede3820bd3849823e7f305", size = 12230270 },
    { url = "https://files.pythonhosted.org/packages/90/b6/a2d2ba604982af6034e3fcad17a464a66127be47f07b4587beec76e8f80b/mypy-1.3.0-cp38-cp38-win_amd64.whl", hash = "sha256:44797d031a41516fcf5cbfa652265bb994e53e51994c1bd649ffcd0c3a7eccbf", size = 8929931 },
    { url = "https://files.pythonhosted.org/packages/4c/10/530d2df4d57f46f77b8211cf9bbe090baacff02e7076f21f1bf08148d541/mypy-1.3.0-cp39-cp39-macosx_10_9_x86_64.whl", hash = "sha256:ddae0f39ca146972ff6bb4399f3b2943884a774b8771ea0a8f50e971f5ea5ba8", size = 10686556 },
    { url = "https://files.pythonhosted.org/packages/b8/36/6628916f94bb0816e1719117e1962750413ab408f83673ce7d571caf3960/mypy-1.3.0-cp39-cp39-macosx_11_0_arm64.whl", hash = "sha256:1c4c42c60a8103ead4c1c060ac3cdd3ff01e18fddce6f1016e08939647a0e703", size = 9760606 },
    { url = "https://files.pythonhosted.org/packages/ba/ac/1c280246fc0c5239409f31e1a321f178ba11a9c6e5eaaf6d56f9ff627cdf/mypy-1.3.0-cp39-cp39-manylinux_2_17_x86_64.manylinux2014_x86_64.whl", hash = "sha256:e86c2c6852f62f8f2b24cb7a613ebe8e0c7dc1402c61d36a609174f63e0ff017", size = 12206865 },
    { url = "https://files.pythonhosted.org/packages/09/7b/8eb0d648352c61b08cb364d278b5c12c3f1c5841724fdd2929d7172b7eaf/mypy-1.3.0-cp39-cp39-musllinux_1_1_x86_64.whl", hash = "sha256:f9dca1e257d4cc129517779226753dbefb4f2266c4eaad610fc15c6a7e14283e", size = 12277653 },
    { url = "https://files.pythonhosted.org/packages/b1/e1/399e3dfeb2842e4a2634866e4ef8b69151d465b7a5ceb648d7f1296f17d0/mypy-1.3.0-cp39-cp39-win_amd64.whl", hash = "sha256:95d8d31a7713510685b05fbb18d6ac287a56c8f6554d88c19e73f724a445448a", size = 8943493 },
    { url = "https://files.pythonhosted.org/packages/e3/f7/1fed3b24abb75f244fa6bc60ea03cd9d3d8ad225a4cfda7533042fe6d831/mypy-1.3.0-py3-none-any.whl", hash = "sha256:a8763e72d5d9574d45ce5881962bc8e9046bf7b375b0abf031f3e6811732a897", size = 2402949 },
]

[[package]]
name = "mypy-extensions"
version = "1.0.0"
source = { registry = "https://pypi.org/simple" }
sdist = { url = "https://files.pythonhosted.org/packages/98/a4/1ab47638b92648243faf97a5aeb6ea83059cc3624972ab6b8d2316078d3f/mypy_extensions-1.0.0.tar.gz", hash = "sha256:75dbf8955dc00442a438fc4d0666508a9a97b6bd41aa2f0ffe9d2f2725af0782", size = 4433 }
wheels = [
    { url = "https://files.pythonhosted.org/packages/2a/e2/5d3f6ada4297caebe1a2add3b126fe800c96f56dbe5d1988a2cbe0b267aa/mypy_extensions-1.0.0-py3-none-any.whl", hash = "sha256:4392f6c0eb8a5668a69e23d168ffa70f0be9ccfd32b5cc2d26a34ae5b844552d", size = 4695 },
]

[[package]]
name = "packaging"
version = "23.1"
source = { registry = "https://pypi.org/simple" }
sdist = { url = "https://files.pythonhosted.org/packages/b9/6c/7c6658d258d7971c5eb0d9b69fa9265879ec9a9158031206d47800ae2213/packaging-23.1.tar.gz", hash = "sha256:a392980d2b6cffa644431898be54b0045151319d1e7ec34f0cfed48767dd334f", size = 134240 }
wheels = [
    { url = "https://files.pythonhosted.org/packages/ab/c3/57f0601a2d4fe15de7a553c00adbc901425661bf048f2a22dfc500caf121/packaging-23.1-py3-none-any.whl", hash = "sha256:994793af429502c4ea2ebf6bf664629d07c1a9fe974af92966e4b8d2df7edc61", size = 48905 },
]

[[package]]
name = "pluggy"
version = "1.0.0"
source = { registry = "https://pypi.org/simple" }
sdist = { url = "https://files.pythonhosted.org/packages/a1/16/db2d7de3474b6e37cbb9c008965ee63835bba517e22cdb8c35b5116b5ce1/pluggy-1.0.0.tar.gz", hash = "sha256:4224373bacce55f955a878bf9cfa763c1e360858e330072059e10bad68531159", size = 51510 }
wheels = [
    { url = "https://files.pythonhosted.org/packages/9e/01/f38e2ff29715251cf25532b9082a1589ab7e4f571ced434f98d0139336dc/pluggy-1.0.0-py2.py3-none-any.whl", hash = "sha256:74134bbf457f031a36d68416e1509f34bd5ccc019f0bcc952c7b909d06b37bd3", size = 13667 },
]

[[package]]
name = "prompt-toolkit"
version = "3.0.38"
source = { registry = "https://pypi.org/simple" }
dependencies = [
    { name = "wcwidth" },
]
sdist = { url = "https://files.pythonhosted.org/packages/4b/bb/75cdcd356f57d17b295aba121494c2333d26bfff1a837e6199b8b83c415a/prompt_toolkit-3.0.38.tar.gz", hash = "sha256:23ac5d50538a9a38c8bde05fecb47d0b403ecd0662857a86f886f798563d5b9b", size = 422834 }
wheels = [
    { url = "https://files.pythonhosted.org/packages/87/3f/1f5a0ff475ae6481f4b0d45d4d911824d3218b94ee2a97a8cb84e5569836/prompt_toolkit-3.0.38-py3-none-any.whl", hash = "sha256:45ea77a2f7c60418850331366c81cf6b5b9cf4c7fd34616f733c5427e6abbb1f", size = 385848 },
]

[[package]]
name = "pytest"
version = "7.3.1"
source = { registry = "https://pypi.org/simple" }
dependencies = [
    { name = "colorama", marker = "sys_platform == 'win32'" },
    { name = "exceptiongroup", marker = "python_full_version < '3.11'" },
    { name = "iniconfig" },
    { name = "packaging" },
    { name = "pluggy" },
    { name = "tomli", marker = "python_full_version < '3.11'" },
]
sdist = { url = "https://files.pythonhosted.org/packages/ec/d9/36b65598f3d19d0a14d13dc87ad5fa42869ae53bb7471f619a30eaabc4bf/pytest-7.3.1.tar.gz", hash = "sha256:434afafd78b1d78ed0addf160ad2b77a30d35d4bdf8af234fe621919d9ed15e3", size = 1336938 }
wheels = [
    { url = "https://files.pythonhosted.org/packages/1b/d1/72df649a705af1e3a09ffe14b0c7d3be1fd730da6b98beb4a2ed26b8a023/pytest-7.3.1-py3-none-any.whl", hash = "sha256:3799fa815351fea3a5e96ac7e503a96fa51cc9942c3753cda7651b93c1cfa362", size = 320506 },
]

[[package]]
name = "pytest-cov"
version = "4.0.0"
source = { registry = "https://pypi.org/simple" }
dependencies = [
    { name = "coverage", extra = ["toml"] },
    { name = "pytest" },
]
sdist = { url = "https://files.pythonhosted.org/packages/ea/70/da97fd5f6270c7d2ce07559a19e5bf36a76f0af21500256f005a69d9beba/pytest-cov-4.0.0.tar.gz", hash = "sha256:996b79efde6433cdbd0088872dbc5fb3ed7fe1578b68cdbba634f14bb8dd0470", size = 62013 }
wheels = [
    { url = "https://files.pythonhosted.org/packages/fe/1f/9ec0ddd33bd2b37d6ec50bb39155bca4fe7085fa78b3b434c05459a860e3/pytest_cov-4.0.0-py3-none-any.whl", hash = "sha256:2feb1b751d66a8bd934e5edfa2e961d11309dc37b73b0eabe73b5945fee20f6b", size = 21554 },
]

[[package]]
name = "pytest-django"
version = "4.5.2"
source = { registry = "https://pypi.org/simple" }
dependencies = [
    { name = "pytest" },
]
sdist = { url = "https://files.pythonhosted.org/packages/9b/42/6d6563165b82289d4a30ea477f85c04386303e51cf4e4e4651d4f9910830/pytest-django-4.5.2.tar.gz", hash = "sha256:d9076f759bb7c36939dbdd5ae6633c18edfc2902d1a69fdbefd2426b970ce6c2", size = 79949 }
wheels = [
    { url = "https://files.pythonhosted.org/packages/4b/21/b65ecd6686da400e2f6e3c49c2a428325abd979c9670cd97e1671f53296e/pytest_django-4.5.2-py3-none-any.whl", hash = "sha256:c60834861933773109334fe5a53e83d1ef4828f2203a1d6a0fa9972f4f75ab3e", size = 20752 },
]

[[package]]
name = "pytz"
version = "2023.3"
source = { registry = "https://pypi.org/simple" }
sdist = { url = "https://files.pythonhosted.org/packages/5e/32/12032aa8c673ee16707a9b6cdda2b09c0089131f35af55d443b6a9c69c1d/pytz-2023.3.tar.gz", hash = "sha256:1d8ce29db189191fb55338ee6d0387d82ab59f3d00eac103412d64e0ebd0c588", size = 317095 }
wheels = [
    { url = "https://files.pythonhosted.org/packages/7f/99/ad6bd37e748257dd70d6f85d916cafe79c0b0f5e2e95b11f7fbc82bf3110/pytz-2023.3-py2.py3-none-any.whl", hash = "sha256:a151b3abb88eda1d4e34a9814df37de2a80e301e68ba0fd856fb9b46bfbbbffb", size = 502345 },
]

[[package]]
name = "ruff"
version = "0.11.10"
source = { registry = "https://pypi.org/simple" }
sdist = { url = "https://files.pythonhosted.org/packages/e8/4c/4a3c5a97faaae6b428b336dcca81d03ad04779f8072c267ad2bd860126bf/ruff-0.11.10.tar.gz", hash = "sha256:d522fb204b4959909ecac47da02830daec102eeb100fb50ea9554818d47a5fa6", size = 4165632 }
wheels = [
    { url = "https://files.pythonhosted.org/packages/2f/9f/596c628f8824a2ce4cd12b0f0b4c0629a62dfffc5d0f742c19a1d71be108/ruff-0.11.10-py3-none-linux_armv6l.whl", hash = "sha256:859a7bfa7bc8888abbea31ef8a2b411714e6a80f0d173c2a82f9041ed6b50f58", size = 10316243 },
    { url = "https://files.pythonhosted.org/packages/3c/38/c1e0b77ab58b426f8c332c1d1d3432d9fc9a9ea622806e208220cb133c9e/ruff-0.11.10-py3-none-macosx_10_12_x86_64.whl", hash = "sha256:968220a57e09ea5e4fd48ed1c646419961a0570727c7e069842edd018ee8afed", size = 11083636 },
    { url = "https://files.pythonhosted.org/packages/23/41/b75e15961d6047d7fe1b13886e56e8413be8467a4e1be0a07f3b303cd65a/ruff-0.11.10-py3-none-macosx_11_0_arm64.whl", hash = "sha256:1067245bad978e7aa7b22f67113ecc6eb241dca0d9b696144256c3a879663bca", size = 10441624 },
    { url = "https://files.pythonhosted.org/packages/b6/2c/e396b6703f131406db1811ea3d746f29d91b41bbd43ad572fea30da1435d/ruff-0.11.10-py3-none-manylinux_2_17_aarch64.manylinux2014_aarch64.whl", hash = "sha256:f4854fd09c7aed5b1590e996a81aeff0c9ff51378b084eb5a0b9cd9518e6cff2", size = 10624358 },
    { url = "https://files.pythonhosted.org/packages/bd/8c/ee6cca8bdaf0f9a3704796022851a33cd37d1340bceaf4f6e991eb164e2e/ruff-0.11.10-py3-none-manylinux_2_17_armv7l.manylinux2014_armv7l.whl", hash = "sha256:8b4564e9f99168c0f9195a0fd5fa5928004b33b377137f978055e40008a082c5", size = 10176850 },
    { url = "https://files.pythonhosted.org/packages/e9/ce/4e27e131a434321b3b7c66512c3ee7505b446eb1c8a80777c023f7e876e6/ruff-0.11.10-py3-none-manylinux_2_17_i686.manylinux2014_i686.whl", hash = "sha256:5b6a9cc5b62c03cc1fea0044ed8576379dbaf751d5503d718c973d5418483641", size = 11759787 },
    { url = "https://files.pythonhosted.org/packages/58/de/1e2e77fc72adc7cf5b5123fd04a59ed329651d3eab9825674a9e640b100b/ruff-0.11.10-py3-none-manylinux_2_17_ppc64.manylinux2014_ppc64.whl", hash = "sha256:607ecbb6f03e44c9e0a93aedacb17b4eb4f3563d00e8b474298a201622677947", size = 12430479 },
    { url = "https://files.pythonhosted.org/packages/07/ed/af0f2340f33b70d50121628ef175523cc4c37619e98d98748c85764c8d88/ruff-0.11.10-py3-none-manylinux_2_17_ppc64le.manylinux2014_ppc64le.whl", hash = "sha256:7b3a522fa389402cd2137df9ddefe848f727250535c70dafa840badffb56b7a4", size = 11919760 },
    { url = "https://files.pythonhosted.org/packages/24/09/d7b3d3226d535cb89234390f418d10e00a157b6c4a06dfbe723e9322cb7d/ruff-0.11.10-py3-none-manylinux_2_17_s390x.manylinux2014_s390x.whl", hash = "sha256:2f071b0deed7e9245d5820dac235cbdd4ef99d7b12ff04c330a241ad3534319f", size = 14041747 },
    { url = "https://files.pythonhosted.org/packages/62/b3/a63b4e91850e3f47f78795e6630ee9266cb6963de8f0191600289c2bb8f4/ruff-0.11.10-py3-none-manylinux_2_17_x86_64.manylinux2014_x86_64.whl", hash = "sha256:4a60e3a0a617eafba1f2e4186d827759d65348fa53708ca547e384db28406a0b", size = 11550657 },
    { url = "https://files.pythonhosted.org/packages/46/63/a4f95c241d79402ccdbdb1d823d156c89fbb36ebfc4289dce092e6c0aa8f/ruff-0.11.10-py3-none-musllinux_1_2_aarch64.whl", hash = "sha256:da8ec977eaa4b7bf75470fb575bea2cb41a0e07c7ea9d5a0a97d13dbca697bf2", size = 10489671 },
    { url = "https://files.pythonhosted.org/packages/6a/9b/c2238bfebf1e473495659c523d50b1685258b6345d5ab0b418ca3f010cd7/ruff-0.11.10-py3-none-musllinux_1_2_armv7l.whl", hash = "sha256:ddf8967e08227d1bd95cc0851ef80d2ad9c7c0c5aab1eba31db49cf0a7b99523", size = 10160135 },
    { url = "https://files.pythonhosted.org/packages/ba/ef/ba7251dd15206688dbfba7d413c0312e94df3b31b08f5d695580b755a899/ruff-0.11.10-py3-none-musllinux_1_2_i686.whl", hash = "sha256:5a94acf798a82db188f6f36575d80609072b032105d114b0f98661e1679c9125", size = 11170179 },
    { url = "https://files.pythonhosted.org/packages/73/9f/5c336717293203ba275dbfa2ea16e49b29a9fd9a0ea8b6febfc17e133577/ruff-0.11.10-py3-none-musllinux_1_2_x86_64.whl", hash = "sha256:3afead355f1d16d95630df28d4ba17fb2cb9c8dfac8d21ced14984121f639bad", size = 11626021 },
    { url = "https://files.pythonhosted.org/packages/d9/2b/162fa86d2639076667c9aa59196c020dc6d7023ac8f342416c2f5ec4bda0/ruff-0.11.10-py3-none-win32.whl", hash = "sha256:dc061a98d32a97211af7e7f3fa1d4ca2fcf919fb96c28f39551f35fc55bdbc19", size = 10494958 },
    { url = "https://files.pythonhosted.org/packages/24/f3/66643d8f32f50a4b0d09a4832b7d919145ee2b944d43e604fbd7c144d175/ruff-0.11.10-py3-none-win_amd64.whl", hash = "sha256:5cc725fbb4d25b0f185cb42df07ab6b76c4489b4bfb740a175f3a59c70e8a224", size = 11650285 },
    { url = "https://files.pythonhosted.org/packages/95/3a/2e8704d19f376c799748ff9cb041225c1d59f3e7711bc5596c8cfdc24925/ruff-0.11.10-py3-none-win_arm64.whl", hash = "sha256:ef69637b35fb8b210743926778d0e45e1bffa850a7c61e428c6b971549b5f5d1", size = 10765278 },
]

[[package]]
name = "setuptools"
version = "75.3.2"
source = { registry = "https://pypi.org/simple" }
resolution-markers = [
    "python_full_version < '3.9'",
]
sdist = { url = "https://files.pythonhosted.org/packages/5c/01/771ea46cce201dd42cff043a5eea929d1c030fb3d1c2ee2729d02ca7814c/setuptools-75.3.2.tar.gz", hash = "sha256:3c1383e1038b68556a382c1e8ded8887cd20141b0eb5708a6c8d277de49364f5", size = 1354489 }
wheels = [
    { url = "https://files.pythonhosted.org/packages/15/65/3f0dba35760d902849d39d38c0a72767794b1963227b69a587f8a336d08c/setuptools-75.3.2-py3-none-any.whl", hash = "sha256:90ab613b6583fc02d5369cbca13ea26ea0e182d1df2d943ee9cbe81d4c61add9", size = 1251198 },
]

[[package]]
name = "setuptools"
version = "80.7.1"
source = { registry = "https://pypi.org/simple" }
resolution-markers = [
    "python_full_version >= '3.9'",
]
sdist = { url = "https://files.pythonhosted.org/packages/9e/8b/dc1773e8e5d07fd27c1632c45c1de856ac3dbf09c0147f782ca6d990cf15/setuptools-80.7.1.tar.gz", hash = "sha256:f6ffc5f0142b1bd8d0ca94ee91b30c0ca862ffd50826da1ea85258a06fd94552", size = 1319188 }
wheels = [
    { url = "https://files.pythonhosted.org/packages/a1/18/0e835c3a557dc5faffc8f91092f62fc337c1dab1066715842e7a4b318ec4/setuptools-80.7.1-py3-none-any.whl", hash = "sha256:ca5cc1069b85dc23070a6628e6bcecb3292acac802399c7f8edc0100619f9009", size = 1200776 },
]

[[package]]
name = "six"
version = "1.16.0"
source = { registry = "https://pypi.org/simple" }
sdist = { url = "https://files.pythonhosted.org/packages/71/39/171f1c67cd00715f190ba0b100d606d440a28c93c7714febeca8b79af85e/six-1.16.0.tar.gz", hash = "sha256:1e61c37477a1626458e36f7b1d82aa5c9b094fa4802892072e49de9c60c4c926", size = 34041 }
wheels = [
    { url = "https://files.pythonhosted.org/packages/d9/5a/e7c31adbe875f2abbb91bd84cf2dc52d792b5a01506781dbcf25c91daf11/six-1.16.0-py2.py3-none-any.whl", hash = "sha256:8abb2f1d86890a2dfb989f9a77cfcfd3e47c2a354b01111771326f8aa26e0254", size = 11053 },
]

[[package]]
name = "sqlparse"
version = "0.4.4"
source = { registry = "https://pypi.org/simple" }
sdist = { url = "https://files.pythonhosted.org/packages/65/16/10f170ec641ed852611b6c9441b23d10b5702ab5288371feab3d36de2574/sqlparse-0.4.4.tar.gz", hash = "sha256:d446183e84b8349fa3061f0fe7f06ca94ba65b426946ffebe6e3e8295332420c", size = 72383 }
wheels = [
    { url = "https://files.pythonhosted.org/packages/98/5a/66d7c9305baa9f11857f247d4ba761402cea75db6058ff850ed7128957b7/sqlparse-0.4.4-py3-none-any.whl", hash = "sha256:5430a4fe2ac7d0f93e66f1efc6e1338a41884b7ddf2a350cedd20ccc4d9d28f3", size = 41183 },
]

[[package]]
name = "tomli"
version = "2.0.1"
source = { registry = "https://pypi.org/simple" }
sdist = { url = "https://files.pythonhosted.org/packages/c0/3f/d7af728f075fb08564c5949a9c95e44352e23dee646869fa104a3b2060a3/tomli-2.0.1.tar.gz", hash = "sha256:de526c12914f0c550d15924c62d72abc48d6fe7364aa87328337a31007fe8a4f", size = 15164 }
wheels = [
    { url = "https://files.pythonhosted.org/packages/97/75/10a9ebee3fd790d20926a90a2547f0bf78f371b2f13aa822c759680ca7b9/tomli-2.0.1-py3-none-any.whl", hash = "sha256:939de3e7a6161af0c887ef91b7d41a53e7c5a1ca976325f429cb46ea9bc30ecc", size = 12757 },
]

[[package]]
name = "types-pytz"
version = "2023.3.0.0"
source = { registry = "https://pypi.org/simple" }
sdist = { url = "https://files.pythonhosted.org/packages/5f/23/3111adc23d3ceb0fa233853ae3c4837aa9adfc5108ec5eed0c60ffc76992/types-pytz-2023.3.0.0.tar.gz", hash = "sha256:ecdc70d543aaf3616a7e48631543a884f74205f284cefd6649ddf44c6a820aac", size = 4794 }
wheels = [
    { url = "https://files.pythonhosted.org/packages/84/69/cd7391875e53fe4d108f53417af51fb1720f3a48b30263db524aaf3e8141/types_pytz-2023.3.0.0-py3-none-any.whl", hash = "sha256:4fc2a7fbbc315f0b6630e0b899fd6c743705abe1094d007b0e612d10da15e0f3", size = 4738 },
]

[[package]]
name = "types-pyyaml"
version = "6.0.12.9"
source = { registry = "https://pypi.org/simple" }
sdist = { url = "https://files.pythonhosted.org/packages/05/6f/f19081de5ba81864f89e354560a60637822f7d6d54d9a2a907785e9b5cc4/types-PyYAML-6.0.12.9.tar.gz", hash = "sha256:c51b1bd6d99ddf0aa2884a7a328810ebf70a4262c292195d3f4f9a0005f9eeb6", size = 11709 }
wheels = [
    { url = "https://files.pythonhosted.org/packages/88/93/a98be346729157d9f085fd68e58fcbba823188829ac8488a9d7f12614e53/types_PyYAML-6.0.12.9-py3-none-any.whl", hash = "sha256:5aed5aa66bd2d2e158f75dda22b059570ede988559f030cf294871d3b647e3e8", size = 14780 },
]

[[package]]
name = "typing-extensions"
version = "4.5.0"
source = { registry = "https://pypi.org/simple" }
sdist = { url = "https://files.pythonhosted.org/packages/d3/20/06270dac7316220643c32ae61694e451c98f8caf4c8eab3aa80a2bedf0df/typing_extensions-4.5.0.tar.gz", hash = "sha256:5cb5f4a79139d699607b3ef622a1dedafa84e115ab0024e0d9c044a9479ca7cb", size = 52399 }
wheels = [
    { url = "https://files.pythonhosted.org/packages/31/25/5abcd82372d3d4a3932e1fa8c3dbf9efac10cc7c0d16e78467460571b404/typing_extensions-4.5.0-py3-none-any.whl", hash = "sha256:fb33085c39dd998ac16d1431ebc293a8b3eedd00fd4a32de0ff79002c19511b4", size = 27736 },
]

[[package]]
name = "vine"
version = "5.0.0"
source = { registry = "https://pypi.org/simple" }
sdist = { url = "https://files.pythonhosted.org/packages/66/b2/8954108816865edf2b1e0d24f3c2c11dfd7232f795bcf1e4164fb8ee5e15/vine-5.0.0.tar.gz", hash = "sha256:7d3b1624a953da82ef63462013bbd271d3eb75751489f9807598e8f340bd637e", size = 48758 }
wheels = [
    { url = "https://files.pythonhosted.org/packages/8d/61/a7badb48186919a9fd7cf0ef427cab6d16e0ed474035c36fa64ddd72bfa2/vine-5.0.0-py2.py3-none-any.whl", hash = "sha256:4c9dceab6f76ed92105027c49c823800dd33cacce13bdedc5b914e3514b7fb30", size = 9365 },
]

[[package]]
name = "wcwidth"
version = "0.2.6"
source = { registry = "https://pypi.org/simple" }
sdist = { url = "https://files.pythonhosted.org/packages/5e/5f/1e4bd82a9cc1f17b2c2361a2d876d4c38973a997003ba5eb400e8a932b6c/wcwidth-0.2.6.tar.gz", hash = "sha256:a5220780a404dbe3353789870978e472cfe477761f06ee55077256e509b156d0", size = 35452 }
wheels = [
    { url = "https://files.pythonhosted.org/packages/20/f4/c0584a25144ce20bfcf1aecd041768b8c762c1eb0aa77502a3f0baa83f11/wcwidth-0.2.6-py2.py3-none-any.whl", hash = "sha256:795b138f6875577cd91bba52baf9e445cd5118fd32723b460e30a0af30ea230e", size = 29995 },
]
